Microsoft Visual Studio Solution File, Format Version 12.00
# Visual Studio Version 17
VisualStudioVersion = 17.5.2.0
MinimumVisualStudioVersion = 10.0.40219.1
Project("{2150E333-8FDC-42A3-9474-1A3956D46DE8}") = "TrackWise", "TrackWise", "{2C02E1C0-45CA-A185-8105-BD0CA90EEBDB}"
EndProject
Project("{FAE04EC0-301F-11D3-BF4B-00C04F79EFBC}") = "Backend", "TrackWise\Backend\Backend.csproj", "{DAC23AD3-8EC1-7DEF-CF75-D79A57602062}"
EndProject
Global
	GlobalSection(SolutionConfigurationPlatforms) = preSolution
		Debug|Any CPU = Debug|Any CPU
		Release|Any CPU = Release|Any CPU
	EndGlobalSection
	GlobalSection(ProjectConfigurationPlatforms) = postSolution
		{DAC23AD3-8EC1-7DEF-CF75-D79A57602062}.Debug|Any CPU.ActiveCfg = Debug|Any CPU
		{DAC23AD3-8EC1-7DEF-CF75-D79A57602062}.Debug|Any CPU.Build.0 = Debug|Any CPU
		{DAC23AD3-8EC1-7DEF-CF75-D79A57602062}.Release|Any CPU.ActiveCfg = Release|Any CPU
		{DAC23AD3-8EC1-7DEF-CF75-D79A57602062}.Release|Any CPU.Build.0 = Release|Any CPU
	EndGlobalSection
	GlobalSection(SolutionProperties) = preSolution
		HideSolutionNode = FALSE
	EndGlobalSection
	GlobalSection(NestedProjects) = preSolution
		{DAC23AD3-8EC1-7DEF-CF75-D79A57602062} = {2C02E1C0-45CA-A185-8105-BD0CA90EEBDB}
	EndGlobalSection
	GlobalSection(ExtensibilityGlobals) = postSolution
		SolutionGuid = {11026418-F544-49EF-A178-0C3D1D191A86}
	EndGlobalSection
EndGlobal
